{
  "name": "glider-project-website",
  "lockfileVersion": 2,
  "requires": true,
  "packages": {
    "": {
      "dependencies": {
        "movement.css": "^1.1.2"
      }
    },
    "node_modules/movement.css": {
      "version": "1.1.2",
      "resolved": "https://registry.npmjs.org/movement.css/-/movement.css-1.1.2.tgz",
      "integrity": "sha512-OU+Y0VWD+VvWi9Fwsy3HPnzojoAYYoqVolreW77oZ183l9rH63tdbUzEZLNTQRkVfJ1xQDHfHMPBp+rQ3XlqCQ=="
    }
  },
  "dependencies": {
    "movement.css": {
      "version": "1.1.2",
      "resolved": "https://registry.npmjs.org/movement.css/-/movement.css-1.1.2.tgz",
      "integrity": "sha512-OU+Y0VWD+VvWi9Fwsy3HPnzojoAYYoqVolreW77oZ183l9rH63tdbUzEZLNTQRkVfJ1xQDHfHMPBp+rQ3XlqCQ=="
    }
  }
}
